
Microsoft Visual Studio Solution File, Format Version 12.00
# Visual Studio Version 17
VisualStudioVersion = 17.13.35828.75 d17.13
MinimumVisualStudioVersion = 10.0.40219.1
Project("{FAE04EC0-301F-11D3-BF4B-00C04F79EFBC}") = "lab7t1", "lab7t1\lab7t1.csproj", "{AA844007-681C-4A7D-B120-D08C109621FA}"
EndProject
Project("{FAE04EC0-301F-11D3-BF4B-00C04F79EFBC}") = "lab7t2", "lab7t2\lab7t2.csproj", "{4B6480F7-8FF2-4962-B208-04DB273D4B56}"
EndProject
Project("{FAE04EC0-301F-11D3-BF4B-00C04F79EFBC}") = "lab7t3", "lab7t3\lab7t3.csproj", "{2D8BC6CA-EDE1-447E-BD71-80F7D85F0F6F}"
EndProject
Project("{FAE04EC0-301F-11D3-BF4B-00C04F79EFBC}") = "lab7t4", "lab7t4\lab7t4.csproj", "{5ABB91CA-766F-4E1D-B881-481FD9E2944A}"
EndProject
Project("{FAE04EC0-301F-11D3-BF4B-00C04F79EFBC}") = "lab7t5", "ConsoleApp1\lab7t5.csproj", "{28713F6C-5440-4484-BA25-48F9C33ABA2E}"
EndProject
Project("{FAE04EC0-301F-11D3-BF4B-00C04F79EFBC}") = "lab7t6", "lab7t6\lab7t6.csproj", "{9BAC7ACC-4BB2-4290-A464-554CBA93EF48}"
EndProject
Project("{FAE04EC0-301F-11D3-BF4B-00C04F79EFBC}") = "lab7t7", "lab7t7\lab7t7.csproj", "{E5BBD772-B762-4E0A-8BE5-96A810CCCD0A}"
EndProject
Project("{FAE04EC0-301F-11D3-BF4B-00C04F79EFBC}") = "lab7t8", "lab7t8\lab7t8.csproj", "{540A0EF2-71A6-4453-97BD-5B34EE499735}"
EndProject
Project("{FAE04EC0-301F-11D3-BF4B-00C04F79EFBC}") = "lab7t9", "lab7t9\lab7t9.csproj", "{DED483AC-ABD4-46F3-B3BE-5EA631556FD3}"
EndProject
Project("{FAE04EC0-301F-11D3-BF4B-00C04F79EFBC}") = "lab7t10", "lab7t10\lab7t10.csproj", "{8D9A288B-04E7-4259-A861-04CBE4D20C46}"
EndProject
Project("{FAE04EC0-301F-11D3-BF4B-00C04F79EFBC}") = "lab7t11", "lab7t11\lab7t11.csproj", "{1912B653-B3B4-474E-AB1B-795CBE59E542}"
EndProject
Project("{FAE04EC0-301F-11D3-BF4B-00C04F79EFBC}") = "lab7t12", "lab7t12\lab7t12.csproj", "{FAF4F339-BF15-49E3-AE55-EDBB26555D52}"
EndProject
Project("{FAE04EC0-301F-11D3-BF4B-00C04F79EFBC}") = "lab7t13", "lab7t13\lab7t13.csproj", "{95BE9EAF-F5AA-4B8F-847C-0642AFF5E349}"
EndProject
Project("{FAE04EC0-301F-11D3-BF4B-00C04F79EFBC}") = "lab7t14", "lab7t14\lab7t14.csproj", "{DDB951A0-FE8C-4B07-AFD3-E5A514004CEB}"
EndProject
Project("{FAE04EC0-301F-11D3-BF4B-00C04F79EFBC}") = "lab7t15", "lab7t15\lab7t15.csproj", "{83A30C6F-2755-439D-9FD6-23DBB85AE7D5}"
EndProject
Project("{FAE04EC0-301F-11D3-BF4B-00C04F79EFBC}") = "lab7t16", "lab7t16\lab7t16.csproj", "{581F2E30-4F10-4339-AB0E-A126A8BF025C}"
EndProject
Project("{FAE04EC0-301F-11D3-BF4B-00C04F79EFBC}") = "lab7t17", "lab7t17\lab7t17.csproj", "{2F884880-F240-4E69-B8EF-29EA844F3511}"
EndProject
Global
	GlobalSection(SolutionConfigurationPlatforms) = preSolution
		Debug|Any CPU = Debug|Any CPU
		Release|Any CPU = Release|Any CPU
	EndGlobalSection
	GlobalSection(ProjectConfigurationPlatforms) = postSolution
		{AA844007-681C-4A7D-B120-D08C109621FA}.Debug|Any CPU.ActiveCfg = Debug|Any CPU
		{AA844007-681C-4A7D-B120-D08C109621FA}.Debug|Any CPU.Build.0 = Debug|Any CPU
		{AA844007-681C-4A7D-B120-D08C109621FA}.Release|Any CPU.ActiveCfg = Release|Any CPU
		{AA844007-681C-4A7D-B120-D08C109621FA}.Release|Any CPU.Build.0 = Release|Any CPU
		{4B6480F7-8FF2-4962-B208-04DB273D4B56}.Debug|Any CPU.ActiveCfg = Debug|Any CPU
		{4B6480F7-8FF2-4962-B208-04DB273D4B56}.Debug|Any CPU.Build.0 = Debug|Any CPU
		{4B6480F7-8FF2-4962-B208-04DB273D4B56}.Release|Any CPU.ActiveCfg = Release|Any CPU
		{4B6480F7-8FF2-4962-B208-04DB273D4B56}.Release|Any CPU.Build.0 = Release|Any CPU
		{2D8BC6CA-EDE1-447E-BD71-80F7D85F0F6F}.Debug|Any CPU.ActiveCfg = Debug|Any CPU
		{2D8BC6CA-EDE1-447E-BD71-80F7D85F0F6F}.Debug|Any CPU.Build.0 = Debug|Any CPU
		{2D8BC6CA-EDE1-447E-BD71-80F7D85F0F6F}.Release|Any CPU.ActiveCfg = Release|Any CPU
		{2D8BC6CA-EDE1-447E-BD71-80F7D85F0F6F}.Release|Any CPU.Build.0 = Release|Any CPU
		{5ABB91CA-766F-4E1D-B881-481FD9E2944A}.Debug|Any CPU.ActiveCfg = Debug|Any CPU
		{5ABB91CA-766F-4E1D-B881-481FD9E2944A}.Debug|Any CPU.Build.0 = Debug|Any CPU
		{5ABB91CA-766F-4E1D-B881-481FD9E2944A}.Release|Any CPU.ActiveCfg = Release|Any CPU
		{5ABB91CA-766F-4E1D-B881-481FD9E2944A}.Release|Any CPU.Build.0 = Release|Any CPU
		{28713F6C-5440-4484-BA25-48F9C33ABA2E}.Debug|Any CPU.ActiveCfg = Debug|Any CPU
		{28713F6C-5440-4484-BA25-48F9C33ABA2E}.Debug|Any CPU.Build.0 = Debug|Any CPU
		{28713F6C-5440-4484-BA25-48F9C33ABA2E}.Release|Any CPU.ActiveCfg = Release|Any CPU
		{28713F6C-5440-4484-BA25-48F9C33ABA2E}.Release|Any CPU.Build.0 = Release|Any CPU
		{9BAC7ACC-4BB2-4290-A464-554CBA93EF48}.Debug|Any CPU.ActiveCfg = Debug|Any CPU
		{9BAC7ACC-4BB2-4290-A464-554CBA93EF48}.Debug|Any CPU.Build.0 = Debug|Any CPU
		{9BAC7ACC-4BB2-4290-A464-554CBA93EF48}.Release|Any CPU.ActiveCfg = Release|Any CPU
		{9BAC7ACC-4BB2-4290-A464-554CBA93EF48}.Release|Any CPU.Build.0 = Release|Any CPU
		{E5BBD772-B762-4E0A-8BE5-96A810CCCD0A}.Debug|Any CPU.ActiveCfg = Debug|Any CPU
		{E5BBD772-B762-4E0A-8BE5-96A810CCCD0A}.Debug|Any CPU.Build.0 = Debug|Any CPU
		{E5BBD772-B762-4E0A-8BE5-96A810CCCD0A}.Release|Any CPU.ActiveCfg = Release|Any CPU
		{E5BBD772-B762-4E0A-8BE5-96A810CCCD0A}.Release|Any CPU.Build.0 = Release|Any CPU
		{540A0EF2-71A6-4453-97BD-5B34EE499735}.Debug|Any CPU.ActiveCfg = Debug|Any CPU
		{540A0EF2-71A6-4453-97BD-5B34EE499735}.Debug|Any CPU.Build.0 = Debug|Any CPU
		{540A0EF2-71A6-4453-97BD-5B34EE499735}.Release|Any CPU.ActiveCfg = Release|Any CPU
		{540A0EF2-71A6-4453-97BD-5B34EE499735}.Release|Any CPU.Build.0 = Release|Any CPU
		{DED483AC-ABD4-46F3-B3BE-5EA631556FD3}.Debug|Any CPU.ActiveCfg = Debug|Any CPU
		{DED483AC-ABD4-46F3-B3BE-5EA631556FD3}.Debug|Any CPU.Build.0 = Debug|Any CPU
		{DED483AC-ABD4-46F3-B3BE-5EA631556FD3}.Release|Any CPU.ActiveCfg = Release|Any CPU
		{DED483AC-ABD4-46F3-B3BE-5EA631556FD3}.Release|Any CPU.Build.0 = Release|Any CPU
		{8D9A288B-04E7-4259-A861-04CBE4D20C46}.Debug|Any CPU.ActiveCfg = Debug|Any CPU
		{8D9A288B-04E7-4259-A861-04CBE4D20C46}.Debug|Any CPU.Build.0 = Debug|Any CPU
		{8D9A288B-04E7-4259-A861-04CBE4D20C46}.Release|Any CPU.ActiveCfg = Release|Any CPU
		{8D9A288B-04E7-4259-A861-04CBE4D20C46}.Release|Any CPU.Build.0 = Release|Any CPU
		{1912B653-B3B4-474E-AB1B-795CBE59E542}.Debug|Any CPU.ActiveCfg = Debug|Any CPU
		{1912B653-B3B4-474E-AB1B-795CBE59E542}.Debug|Any CPU.Build.0 = Debug|Any CPU
		{1912B653-B3B4-474E-AB1B-795CBE59E542}.Release|Any CPU.ActiveCfg = Release|Any CPU
		{1912B653-B3B4-474E-AB1B-795CBE59E542}.Release|Any CPU.Build.0 = Release|Any CPU
		{FAF4F339-BF15-49E3-AE55-EDBB26555D52}.Debug|Any CPU.ActiveCfg = Debug|Any CPU
		{FAF4F339-BF15-49E3-AE55-EDBB26555D52}.Debug|Any CPU.Build.0 = Debug|Any CPU
		{FAF4F339-BF15-49E3-AE55-EDBB26555D52}.Release|Any CPU.ActiveCfg = Release|Any CPU
		{FAF4F339-BF15-49E3-AE55-EDBB26555D52}.Release|Any CPU.Build.0 = Release|Any CPU
		{95BE9EAF-F5AA-4B8F-847C-0642AFF5E349}.Debug|Any CPU.ActiveCfg = Debug|Any CPU
		{95BE9EAF-F5AA-4B8F-847C-0642AFF5E349}.Debug|Any CPU.Build.0 = Debug|Any CPU
		{95BE9EAF-F5AA-4B8F-847C-0642AFF5E349}.Release|Any CPU.ActiveCfg = Release|Any CPU
		{95BE9EAF-F5AA-4B8F-847C-0642AFF5E349}.Release|Any CPU.Build.0 = Release|Any CPU
		{DDB951A0-FE8C-4B07-AFD3-E5A514004CEB}.Debug|Any CPU.ActiveCfg = Debug|Any CPU
		{DDB951A0-FE8C-4B07-AFD3-E5A514004CEB}.Debug|Any CPU.Build.0 = Debug|Any CPU
		{DDB951A0-FE8C-4B07-AFD3-E5A514004CEB}.Release|Any CPU.ActiveCfg = Release|Any CPU
		{DDB951A0-FE8C-4B07-AFD3-E5A514004CEB}.Release|Any CPU.Build.0 = Release|Any CPU
		{83A30C6F-2755-439D-9FD6-23DBB85AE7D5}.Debug|Any CPU.ActiveCfg = Debug|Any CPU
		{83A30C6F-2755-439D-9FD6-23DBB85AE7D5}.Debug|Any CPU.Build.0 = Debug|Any CPU
		{83A30C6F-2755-439D-9FD6-23DBB85AE7D5}.Release|Any CPU.ActiveCfg = Release|Any CPU
		{83A30C6F-2755-439D-9FD6-23DBB85AE7D5}.Release|Any CPU.Build.0 = Release|Any CPU
		{581F2E30-4F10-4339-AB0E-A126A8BF025C}.Debug|Any CPU.ActiveCfg = Debug|Any CPU
		{581F2E30-4F10-4339-AB0E-A126A8BF025C}.Debug|Any CPU.Build.0 = Debug|Any CPU
		{581F2E30-4F10-4339-AB0E-A126A8BF025C}.Release|Any CPU.ActiveCfg = Release|Any CPU
		{581F2E30-4F10-4339-AB0E-A126A8BF025C}.Release|Any CPU.Build.0 = Release|Any CPU
		{2F884880-F240-4E69-B8EF-29EA844F3511}.Debug|Any CPU.ActiveCfg = Debug|Any CPU
		{2F884880-F240-4E69-B8EF-29EA844F3511}.Debug|Any CPU.Build.0 = Debug|Any CPU
		{2F884880-F240-4E69-B8EF-29EA844F3511}.Release|Any CPU.ActiveCfg = Release|Any CPU
		{2F884880-F240-4E69-B8EF-29EA844F3511}.Release|Any CPU.Build.0 = Release|Any CPU
	EndGlobalSection
	GlobalSection(SolutionProperties) = preSolution
		HideSolutionNode = FALSE
	EndGlobalSection
	GlobalSection(ExtensibilityGlobals) = postSolution
		SolutionGuid = {65D1248B-9363-4D96-94A2-7C4D5F574B79}
	EndGlobalSection
EndGlobal
